
Microsoft Visual Studio Solution File, Format Version 12.00
# Visual Studio 15
VisualStudioVersion = 15.0.26124.0
MinimumVisualStudioVersion = 15.0.26124.0
Project("{FAE04EC0-301F-11D3-BF4B-00C04F79EFBC}") = "Persistence", "Persistence\Persistence.csproj", "{C4C94FF4-9DAC-4E5E-92E1-8F2E83F16527}"
EndProject
Project("{FAE04EC0-301F-11D3-BF4B-00C04F79EFBC}") = "DAL", "DAL\DAL.csproj", "{F27DC04B-6C7F-4DE0-A4FB-01866ED39532}"
EndProject
Project("{FAE04EC0-301F-11D3-BF4B-00C04F79EFBC}") = "BL", "BL\BL.csproj", "{ED6FE5E7-D3B2-4F72-9278-B3EF19261D55}"
EndProject
Project("{FAE04EC0-301F-11D3-BF4B-00C04F79EFBC}") = "PL_Console", "PL_Console\PL_Console.csproj", "{DC9AD6BA-AD45-4801-AA60-AC804980D2EF}"
EndProject
Project("{FAE04EC0-301F-11D3-BF4B-00C04F79EFBC}") = "DAL.Test", "DAL.Test\DAL.Test.csproj", "{D8C235D1-5E63-4972-867D-F4A3CA5AAA62}"
EndProject
Project("{FAE04EC0-301F-11D3-BF4B-00C04F79EFBC}") = "BL.Test", "BL.Test\BL.Test.csproj", "{8A764DC1-E666-4249-81D7-E88B0C1D7035}"
EndProject
Global
	GlobalSection(SolutionConfigurationPlatforms) = preSolution
		Debug|Any CPU = Debug|Any CPU
		Debug|x64 = Debug|x64
		Debug|x86 = Debug|x86
		Release|Any CPU = Release|Any CPU
		Release|x64 = Release|x64
		Release|x86 = Release|x86
	EndGlobalSection
	GlobalSection(SolutionProperties) = preSolution
		HideSolutionNode = FALSE
	EndGlobalSection
	GlobalSection(ProjectConfigurationPlatforms) = postSolution
		{C4C94FF4-9DAC-4E5E-92E1-8F2E83F16527}.Debug|Any CPU.ActiveCfg = Debug|Any CPU
		{C4C94FF4-9DAC-4E5E-92E1-8F2E83F16527}.Debug|Any CPU.Build.0 = Debug|Any CPU
		{C4C94FF4-9DAC-4E5E-92E1-8F2E83F16527}.Debug|x64.ActiveCfg = Debug|Any CPU
		{C4C94FF4-9DAC-4E5E-92E1-8F2E83F16527}.Debug|x64.Build.0 = Debug|Any CPU
		{C4C94FF4-9DAC-4E5E-92E1-8F2E83F16527}.Debug|x86.ActiveCfg = Debug|Any CPU
		{C4C94FF4-9DAC-4E5E-92E1-8F2E83F16527}.Debug|x86.Build.0 = Debug|Any CPU
		{C4C94FF4-9DAC-4E5E-92E1-8F2E83F16527}.Release|Any CPU.ActiveCfg = Release|Any CPU
		{C4C94FF4-9DAC-4E5E-92E1-8F2E83F16527}.Release|Any CPU.Build.0 = Release|Any CPU
		{C4C94FF4-9DAC-4E5E-92E1-8F2E83F16527}.Release|x64.ActiveCfg = Release|Any CPU
		{C4C94FF4-9DAC-4E5E-92E1-8F2E83F16527}.Release|x64.Build.0 = Release|Any CPU
		{C4C94FF4-9DAC-4E5E-92E1-8F2E83F16527}.Release|x86.ActiveCfg = Release|Any CPU
		{C4C94FF4-9DAC-4E5E-92E1-8F2E83F16527}.Release|x86.Build.0 = Release|Any CPU
		{F27DC04B-6C7F-4DE0-A4FB-01866ED39532}.Debug|Any CPU.ActiveCfg = Debug|Any CPU
		{F27DC04B-6C7F-4DE0-A4FB-01866ED39532}.Debug|Any CPU.Build.0 = Debug|Any CPU
		{F27DC04B-6C7F-4DE0-A4FB-01866ED39532}.Debug|x64.ActiveCfg = Debug|Any CPU
		{F27DC04B-6C7F-4DE0-A4FB-01866ED39532}.Debug|x64.Build.0 = Debug|Any CPU
		{F27DC04B-6C7F-4DE0-A4FB-01866ED39532}.Debug|x86.ActiveCfg = Debug|Any CPU
		{F27DC04B-6C7F-4DE0-A4FB-01866ED39532}.Debug|x86.Build.0 = Debug|Any CPU
		{F27DC04B-6C7F-4DE0-A4FB-01866ED39532}.Release|Any CPU.ActiveCfg = Release|Any CPU
		{F27DC04B-6C7F-4DE0-A4FB-01866ED39532}.Release|Any CPU.Build.0 = Release|Any CPU
		{F27DC04B-6C7F-4DE0-A4FB-01866ED39532}.Release|x64.ActiveCfg = Release|Any CPU
		{F27DC04B-6C7F-4DE0-A4FB-01866ED39532}.Release|x64.Build.0 = Release|Any CPU
		{F27DC04B-6C7F-4DE0-A4FB-01866ED39532}.Release|x86.ActiveCfg = Release|Any CPU
		{F27DC04B-6C7F-4DE0-A4FB-01866ED39532}.Release|x86.Build.0 = Release|Any CPU
		{ED6FE5E7-D3B2-4F72-9278-B3EF19261D55}.Debug|Any CPU.ActiveCfg = Debug|Any CPU
		{ED6FE5E7-D3B2-4F72-9278-B3EF19261D55}.Debug|Any CPU.Build.0 = Debug|Any CPU
		{ED6FE5E7-D3B2-4F72-9278-B3EF19261D55}.Debug|x64.ActiveCfg = Debug|Any CPU
		{ED6FE5E7-D3B2-4F72-9278-B3EF19261D55}.Debug|x64.Build.0 = Debug|Any CPU
		{ED6FE5E7-D3B2-4F72-9278-B3EF19261D55}.Debug|x86.ActiveCfg = Debug|Any CPU
		{ED6FE5E7-D3B2-4F72-9278-B3EF19261D55}.Debug|x86.Build.0 = Debug|Any CPU
		{ED6FE5E7-D3B2-4F72-9278-B3EF19261D55}.Release|Any CPU.ActiveCfg = Release|Any CPU
		{ED6FE5E7-D3B2-4F72-9278-B3EF19261D55}.Release|Any CPU.Build.0 = Release|Any CPU
		{ED6FE5E7-D3B2-4F72-9278-B3EF19261D55}.Release|x64.ActiveCfg = Release|Any CPU
		{ED6FE5E7-D3B2-4F72-9278-B3EF19261D55}.Release|x64.Build.0 = Release|Any CPU
		{ED6FE5E7-D3B2-4F72-9278-B3EF19261D55}.Release|x86.ActiveCfg = Release|Any CPU
		{ED6FE5E7-D3B2-4F72-9278-B3EF19261D55}.Release|x86.Build.0 = Release|Any CPU
		{DC9AD6BA-AD45-4801-AA60-AC804980D2EF}.Debug|Any CPU.ActiveCfg = Debug|Any CPU
		{DC9AD6BA-AD45-4801-AA60-AC804980D2EF}.Debug|Any CPU.Build.0 = Debug|Any CPU
		{DC9AD6BA-AD45-4801-AA60-AC804980D2EF}.Debug|x64.ActiveCfg = Debug|Any CPU
		{DC9AD6BA-AD45-4801-AA60-AC804980D2EF}.Debug|x64.Build.0 = Debug|Any CPU
		{DC9AD6BA-AD45-4801-AA60-AC804980D2EF}.Debug|x86.ActiveCfg = Debug|Any CPU
		{DC9AD6BA-AD45-4801-AA60-AC804980D2EF}.Debug|x86.Build.0 = Debug|Any CPU
		{DC9AD6BA-AD45-4801-AA60-AC804980D2EF}.Release|Any CPU.ActiveCfg = Release|Any CPU
		{DC9AD6BA-AD45-4801-AA60-AC804980D2EF}.Release|Any CPU.Build.0 = Release|Any CPU
		{DC9AD6BA-AD45-4801-AA60-AC804980D2EF}.Release|x64.ActiveCfg = Release|Any CPU
		{DC9AD6BA-AD45-4801-AA60-AC804980D2EF}.Release|x64.Build.0 = Release|Any CPU
		{DC9AD6BA-AD45-4801-AA60-AC804980D2EF}.Release|x86.ActiveCfg = Release|Any CPU
		{DC9AD6BA-AD45-4801-AA60-AC804980D2EF}.Release|x86.Build.0 = Release|Any CPU
		{D8C235D1-5E63-4972-867D-F4A3CA5AAA62}.Debug|Any CPU.ActiveCfg = Debug|Any CPU
		{D8C235D1-5E63-4972-867D-F4A3CA5AAA62}.Debug|Any CPU.Build.0 = Debug|Any CPU
		{D8C235D1-5E63-4972-867D-F4A3CA5AAA62}.Debug|x64.ActiveCfg = Debug|Any CPU
		{D8C235D1-5E63-4972-867D-F4A3CA5AAA62}.Debug|x64.Build.0 = Debug|Any CPU
		{D8C235D1-5E63-4972-867D-F4A3CA5AAA62}.Debug|x86.ActiveCfg = Debug|Any CPU
		{D8C235D1-5E63-4972-867D-F4A3CA5AAA62}.Debug|x86.Build.0 = Debug|Any CPU
		{D8C235D1-5E63-4972-867D-F4A3CA5AAA62}.Release|Any CPU.ActiveCfg = Release|Any CPU
		{D8C235D1-5E63-4972-867D-F4A3CA5AAA62}.Release|Any CPU.Build.0 = Release|Any CPU
		{D8C235D1-5E63-4972-867D-F4A3CA5AAA62}.Release|x64.ActiveCfg = Release|Any CPU
		{D8C235D1-5E63-4972-867D-F4A3CA5AAA62}.Release|x64.Build.0 = Release|Any CPU
		{D8C235D1-5E63-4972-867D-F4A3CA5AAA62}.Release|x86.ActiveCfg = Release|Any CPU
		{D8C235D1-5E63-4972-867D-F4A3CA5AAA62}.Release|x86.Build.0 = Release|Any CPU
		{8A764DC1-E666-4249-81D7-E88B0C1D7035}.Debug|Any CPU.ActiveCfg = Debug|Any CPU
		{8A764DC1-E666-4249-81D7-E88B0C1D7035}.Debug|Any CPU.Build.0 = Debug|Any CPU
		{8A764DC1-E666-4249-81D7-E88B0C1D7035}.Debug|x64.ActiveCfg = Debug|Any CPU
		{8A764DC1-E666-4249-81D7-E88B0C1D7035}.Debug|x64.Build.0 = Debug|Any CPU
		{8A764DC1-E666-4249-81D7-E88B0C1D7035}.Debug|x86.ActiveCfg = Debug|Any CPU
		{8A764DC1-E666-4249-81D7-E88B0C1D7035}.Debug|x86.Build.0 = Debug|Any CPU
		{8A764DC1-E666-4249-81D7-E88B0C1D7035}.Release|Any CPU.ActiveCfg = Release|Any CPU
		{8A764DC1-E666-4249-81D7-E88B0C1D7035}.Release|Any CPU.Build.0 = Release|Any CPU
		{8A764DC1-E666-4249-81D7-E88B0C1D7035}.Release|x64.ActiveCfg = Release|Any CPU
		{8A764DC1-E666-4249-81D7-E88B0C1D7035}.Release|x64.Build.0 = Release|Any CPU
		{8A764DC1-E666-4249-81D7-E88B0C1D7035}.Release|x86.ActiveCfg = Release|Any CPU
		{8A764DC1-E666-4249-81D7-E88B0C1D7035}.Release|x86.Build.0 = Release|Any CPU
	EndGlobalSection
EndGlobal
